
Microsoft Visual Studio Solution File, Format Version 12.00
# Visual Studio 15
VisualStudioVersion = 15.0.28307.168
MinimumVisualStudioVersion = 10.0.40219.1
Project("{FAE04EC0-301F-11D3-BF4B-00C04F79EFBC}") = "01IEnumerableT", "01IEnumerableT\01IEnumerableT.csproj", "{D1D7AD17-381C-474E-8EA6-A3A03AA894AF}"
EndProject
Global
	GlobalSection(SolutionConfigurationPlatforms) = preSolution
		Debug|Any CPU = Debug|Any CPU
		Release|Any CPU = Release|Any CPU
	EndGlobalSection
	GlobalSection(ProjectConfigurationPlatforms) = postSolution
		{D1D7AD17-381C-474E-8EA6-A3A03AA894AF}.Debug|Any CPU.ActiveCfg = Debug|Any CPU
		{D1D7AD17-381C-474E-8EA6-A3A03AA894AF}.Debug|Any CPU.Build.0 = Debug|Any CPU
		{D1D7AD17-381C-474E-8EA6-A3A03AA894AF}.Release|Any CPU.ActiveCfg = Release|Any CPU
		{D1D7AD17-381C-474E-8EA6-A3A03AA894AF}.Release|Any CPU.Build.0 = Release|Any CPU
	EndGlobalSection
	GlobalSection(SolutionProperties) = preSolution
		HideSolutionNode = FALSE
	EndGlobalSection
	GlobalSection(ExtensibilityGlobals) = postSolution
		SolutionGuid = {E6558E2A-09DB-4D98-84DD-C9E1DC491265}
	EndGlobalSection
EndGlobal
